PODS:
  - Amplitude (8.3.0)
  - AppCenter (4.1.1):
    - AppCenter/Analytics (= 4.1.1)
    - AppCenter/Crashes (= 4.1.1)
  - AppCenter/Analytics (4.1.1):
    - AppCenter/Core
  - AppCenter/Core (4.1.1)
  - AppCenter/Crashes (4.1.1):
    - AppCenter/Core
  - KeychainAccess (4.2.2)
  - lottie-ios (3.2.2)
  - MASShortcut (2.4.0)
  - SnapKit (5.0.1)
  - SwiftDate (6.3.1)
  - SwiftyChrono (1.1.0)
  - SwiftyStoreKit (0.16.1)

DEPENDENCIES:
  - Amplitude
  - AppCenter
  - KeychainAccess
  - lottie-ios
  - MASShortcut
  - SnapKit
  - SwiftDate
  - SwiftyChrono
  - SwiftyStoreKit

SPEC REPOS:
  trunk:
    - Amplitude
    - AppCenter
    - KeychainAccess
    - lottie-ios
    - MASShortcut
    - SnapKit
    - SwiftDate
    - SwiftyChrono
    - SwiftyStoreKit

SPEC CHECKSUMS:
  Amplitude: 5627b4574e36d789a75c1656ba39b3278edf1ade
  AppCenter: cd53e3ed3563cc720bcb806c9731a12389b40d44
  KeychainAccess: c0c4f7f38f6fc7bbe58f5702e25f7bd2f65abf51
  lottie-ios: a033bb989eea77d9f99cc4e2bbdd3788229761ad
  MASShortcut: d9e4909e878661cc42877cc9d6efbe638273ab57
  SnapKit: 97b92857e3df3a0c71833cce143274bf6ef8e5eb
  SwiftDate: 72d28954e8e1c6c1c0f917ccc8005e4f83c7d4b2
  SwiftyChrono: 233460655232c082ced7ac0e3a6a3b23d57a077d
  SwiftyStoreKit: 6b9c08810269f030586dac1fae8e75871a82e84a

PODFILE CHECKSUM: 901914d8ce675c6408381ae324c1a776c785fb8f

COCOAPODS: 1.10.1
